// !$*UTF8*$!
{
	archiveVersion = 1;
	classes = {
	};
	objectVersion = 46;
	objects = {

/* Begin PBXBuildFile section */
		58589B23A3A5CCFD14A85B8B /* Pods.framework in Frameworks */ = {isa = PBXBuildFile; fileRef = 8B9BD2BF7F67FC0FA02CDC26 /* Pods.framework */; };
		A354E1A31CA06DC400E956AB /* FeedbackViewController.swift in Sources */ = {isa = PBXBuildFile; fileRef = A354E1A21CA06DC400E956AB /* FeedbackViewController.swift */; };
		A37297D71C6BF5AF00625C7F /* Message.swift in Sources */ = {isa = PBXBuildFile; fileRef = A37297D61C6BF5AF00625C7F /* Message.swift */; };
		A38896C91C60664A002017B9 /* AppDelegate.swift in Sources */ = {isa = PBXBuildFile; fileRef = A38896C81C60664A002017B9 /* AppDelegate.swift */; };
		A38896CB1C60664A002017B9 /* ViewController.swift in Sources */ = {isa = PBXBuildFile; fileRef = A38896CA1C60664A002017B9 /* ViewController.swift */; };
		A38896CE1C60664A002017B9 /* Main.storyboard in Resources */ = {isa = PBXBuildFile; fileRef = A38896CC1C60664A002017B9 /* Main.storyboard */; };
		A38896D01C60664A002017B9 /* Assets.xcassets in Resources */ = {isa = PBXBuildFile; fileRef = A38896CF1C60664A002017B9 /* Assets.xcassets */; };
		A38896D31C60664A002017B9 /* LaunchScreen.storyboard in Resources */ = {isa = PBXBuildFile; fileRef = A38896D11C60664A002017B9 /* LaunchScreen.storyboard */; };
		A38896DE1C60664A002017B9 /* CheddarTests.swift in Sources */ = {isa = PBXBuildFile; fileRef = A38896DD1C60664A002017B9 /* CheddarTests.swift */; };
		A38896E91C60664A002017B9 /* CheddarUITests.swift in Sources */ = {isa = PBXBuildFile; fileRef = A38896E81C60664A002017B9 /* CheddarUITests.swift */; };
		A393D6101C63BB5400EBB94C /* group.png in Resources */ = {isa = PBXBuildFile; fileRef = A393D60C1C63BB5400EBB94C /* group.png */; };
		A393D6111C63BB5400EBB94C /* group_selected.png in Resources */ = {isa = PBXBuildFile; fileRef = A393D60D1C63BB5400EBB94C /* group_selected.png */; };
		A393D6121C63BB5400EBB94C /* single.png in Resources */ = {isa = PBXBuildFile; fileRef = A393D60E1C63BB5400EBB94C /* single.png */; };
		A393D6131C63BB5400EBB94C /* single_selected.png in Resources */ = {isa = PBXBuildFile; fileRef = A393D60F1C63BB5400EBB94C /* single_selected.png */; };
		A393D6161C63C1C400EBB94C /* cheese.png in Resources */ = {isa = PBXBuildFile; fileRef = A393D6151C63C1C400EBB94C /* cheese.png */; };
		A393D61B1C63C32700EBB94C /* SelectionView.xib in Resources */ = {isa = PBXBuildFile; fileRef = A393D61A1C63C32700EBB94C /* SelectionView.xib */; };
		A393D61F1C63C58300EBB94C /* SelectionViewController.swift in Sources */ = {isa = PBXBuildFile; fileRef = A393D61E1C63C58300EBB94C /* SelectionViewController.swift */; };
		A393D6231C63C80D00EBB94C /* FrontPageViewController.swift in Sources */ = {isa = PBXBuildFile; fileRef = A393D6221C63C80D00EBB94C /* FrontPageViewController.swift */; };
		A393D6251C63C9D200EBB94C /* IntroViewController.swift in Sources */ = {isa = PBXBuildFile; fileRef = A393D6241C63C9D200EBB94C /* IntroViewController.swift */; };
		A393D6271C63C9DD00EBB94C /* IntroView.xib in Resources */ = {isa = PBXBuildFile; fileRef = A393D6261C63C9DD00EBB94C /* IntroView.xib */; };
		A393D6291C63EA7B00EBB94C /* RegisterViewController.swift in Sources */ = {isa = PBXBuildFile; fileRef = A393D6281C63EA7B00EBB94C /* RegisterViewController.swift */; };
		A393D62B1C63EA8700EBB94C /* RegisterView.xib in Resources */ = {isa = PBXBuildFile; fileRef = A393D62A1C63EA8700EBB94C /* RegisterView.xib */; };
		A3B12D491C6FC83900B75645 /* User.swift in Sources */ = {isa = PBXBuildFile; fileRef = A3B12D481C6FC83900B75645 /* User.swift */; };
		A3C59BDA1C61BE07009B82EE /* ALView+PureLayout.m in Sources */ = {isa = PBXBuildFile; fileRef = A3C59BD21C61BE07009B82EE /* ALView+PureLayout.m */; };
		A3C59BDB1C61BE07009B82EE /* NSArray+PureLayout.m in Sources */ = {isa = PBXBuildFile; fileRef = A3C59BD41C61BE07009B82EE /* NSArray+PureLayout.m */; };
		A3C59BDC1C61BE07009B82EE /* NSLayoutConstraint+PureLayout.m in Sources */ = {isa = PBXBuildFile; fileRef = A3C59BD61C61BE07009B82EE /* NSLayoutConstraint+PureLayout.m */; };
		A3CB6D4C1C9F8B900073901F /* OptionsMenuController.swift in Sources */ = {isa = PBXBuildFile; fileRef = A3CB6D4B1C9F8B900073901F /* OptionsMenuController.swift */; };
		A3ECAE7E1C643063003F981C /* EmailValidateViewController.swift in Sources */ = {isa = PBXBuildFile; fileRef = A3ECAE7D1C643063003F981C /* EmailValidateViewController.swift */; };
		A3ECAE801C643076003F981C /* EmailValidateView.xib in Resources */ = {isa = PBXBuildFile; fileRef = A3ECAE7F1C643076003F981C /* EmailValidateView.xib */; };
		A3ECAE821C66E730003F981C /* ChatViewController.swift in Sources */ = {isa = PBXBuildFile; fileRef = A3ECAE811C66E730003F981C /* ChatViewController.swift */; };
		A3ECAE961C67273C003F981C /* ChatCell.swift in Sources */ = {isa = PBXBuildFile; fileRef = A3ECAE951C67273C003F981C /* ChatCell.swift */; };
		A3ECAE981C673B8C003F981C /* ChatCell.xib in Resources */ = {isa = PBXBuildFile; fileRef = A3ECAE971C673B8C003F981C /* ChatCell.xib */; };
		A3F920581C77ECBA003E0BC3 /* StringConstants.swift in Sources */ = {isa = PBXBuildFile; fileRef = A3F920571C77ECBA003E0BC3 /* StringConstants.swift */; };
		A3F9205A1C783BE8003E0BC3 /* ColorConstants.swift in Sources */ = {isa = PBXBuildFile; fileRef = A3F920591C783BE8003E0BC3 /* ColorConstants.swift */; };
		A3F9205C1C783E45003E0BC3 /* ArrayConstants.swift in Sources */ = {isa = PBXBuildFile; fileRef = A3F9205B1C783E45003E0BC3 /* ArrayConstants.swift */; };
		A3F920631C7AA2E9003E0BC3 /* Alias.swift in Sources */ = {isa = PBXBuildFile; fileRef = A3F920621C7AA2E9003E0BC3 /* Alias.swift */; };
		A3F920651C7AA3B2003E0BC3 /* ChatRoom.swift in Sources */ = {isa = PBXBuildFile; fileRef = A3F920641C7AA3B2003E0BC3 /* ChatRoom.swift */; };
		A3F920A71C7BA969003E0BC3 /* Model.xcdatamodeld in Sources */ = {isa = PBXBuildFile; fileRef = A3F920A51C7BA969003E0BC3 /* Model.xcdatamodeld */; };
		A3F920AD1C7BFCF2003E0BC3 /* EnvironmentConstants.swift in Sources */ = {isa = PBXBuildFile; fileRef = A3F920AC1C7BFCF2003E0BC3 /* EnvironmentConstants.swift */; };
		A3F920AF1C7F6077003E0BC3 /* Presence.swift in Sources */ = {isa = PBXBuildFile; fileRef = A3F920AE1C7F6077003E0BC3 /* Presence.swift */; };
		A3F920B11C7F6930003E0BC3 /* PresenceCell.swift in Sources */ = {isa = PBXBuildFile; fileRef = A3F920B01C7F6930003E0BC3 /* PresenceCell.swift */; };
		A3F920B31C7F6B1C003E0BC3 /* PresenceCell.xib in Resources */ = {isa = PBXBuildFile; fileRef = A3F920B21C7F6B1C003E0BC3 /* PresenceCell.xib */; };
		A3F920B51C8124A1003E0BC3 /* Utilities.swift in Sources */ = {isa = PBXBuildFile; fileRef = A3F920B41C8124A1003E0BC3 /* Utilities.swift */; };
		A3F920B71C825261003E0BC3 /* Effra-Regular.ttf in Resources */ = {isa = PBXBuildFile; fileRef = A3F920B61C8249F9003E0BC3 /* Effra-Regular.ttf */; };
/* End PBXBuildFile section */

/* Begin PBXContainerItemProxy section */
		A38896DA1C60664A002017B9 /* PBXContainerItemProxy */ = {
			isa = PBXContainerItemProxy;
			containerPortal = A38896BD1C60664A002017B9 /* Project object */;
			proxyType = 1;
			remoteGlobalIDString = A38896C41C60664A002017B9;
			remoteInfo = Cheddar;
		};
		A38896E51C60664A002017B9 /* PBXContainerItemProxy */ = {
			isa = PBXContainerItemProxy;
			containerPortal = A38896BD1C60664A002017B9 /* Project object */;
			proxyType = 1;
			remoteGlobalIDString = A38896C41C60664A002017B9;
			remoteInfo = Cheddar;
		};
/* End PBXContainerItemProxy section */

/* Begin PBXFileReference section */
		30639877EA11B07B2D842129 /* Pods.debug.xcconfig */ = {isa = PBXFileReference; includeInIndex = 1; lastKnownFileType = text.xcconfig; name = Pods.debug.xcconfig; path = "Pods/Target Support Files/Pods/Pods.debug.xcconfig"; sourceTree = "<group>"; };
		74FC71AECB4A88748DC6847B /* Pods.release.xcconfig */ = {isa = PBXFileReference; includeInIndex = 1; lastKnownFileType = text.xcconfig; name = Pods.release.xcconfig; path = "Pods/Target Support Files/Pods/Pods.release.xcconfig"; sourceTree = "<group>"; };
		8B9BD2BF7F67FC0FA02CDC26 /* Pods.framework */ = {isa = PBXFileReference; explicitFileType = wrapper.framework; includeInIndex = 0; path = Pods.framework; sourceTree = BUILT_PRODUCTS_DIR; };
		A354E1A21CA06DC400E956AB /* FeedbackViewController.swift */ = {isa = PBXFileReference; fileEncoding = 4; lastKnownFileType = sourcecode.swift; path = FeedbackViewController.swift; sourceTree = "<group>"; };
		A37297D61C6BF5AF00625C7F /* Message.swift */ = {isa = PBXFileReference; fileEncoding = 4; lastKnownFileType = sourcecode.swift; path = Message.swift; sourceTree = "<group>"; };
		A38896C51C60664A002017B9 /* Cheddar.app */ = {isa = PBXFileReference; explicitFileType = wrapper.application; includeInIndex = 0; path = Cheddar.app; sourceTree = BUILT_PRODUCTS_DIR; };
		A38896C81C60664A002017B9 /* AppDelegate.swift */ = {isa = PBXFileReference; lastKnownFileType = sourcecode.swift; path = AppDelegate.swift; sourceTree = "<group>"; };
		A38896CA1C60664A002017B9 /* ViewController.swift */ = {isa = PBXFileReference; lastKnownFileType = sourcecode.swift; path = ViewController.swift; sourceTree = "<group>"; };
		A38896CD1C60664A002017B9 /* Base */ = {isa = PBXFileReference; lastKnownFileType = file.storyboard; name = Base; path = Base.lproj/Main.storyboard; sourceTree = "<group>"; };
		A38896CF1C60664A002017B9 /* Assets.xcassets */ = {isa = PBXFileReference; lastKnownFileType = folder.assetcatalog; path = Assets.xcassets; sourceTree = "<group>"; };
		A38896D21C60664A002017B9 /* Base */ = {isa = PBXFileReference; lastKnownFileType = file.storyboard; name = Base; path = Base.lproj/LaunchScreen.storyboard; sourceTree = "<group>"; };
		A38896D41C60664A002017B9 /* Info.plist */ = {isa = PBXFileReference; lastKnownFileType = text.plist.xml; path = Info.plist; sourceTree = "<group>"; };
		A38896D91C60664A002017B9 /* CheddarTests.xctest */ = {isa = PBXFileReference; explicitFileType = wrapper.cfbundle; includeInIndex = 0; path = CheddarTests.xctest; sourceTree = BUILT_PRODUCTS_DIR; };
		A38896DD1C60664A002017B9 /* CheddarTests.swift */ = {isa = PBXFileReference; lastKnownFileType = sourcecode.swift; path = CheddarTests.swift; sourceTree = "<group>"; };
		A38896DF1C60664A002017B9 /* Info.plist */ = {isa = PBXFileReference; lastKnownFileType = text.plist.xml; path = Info.plist; sourceTree = "<group>"; };
		A38896E41C60664A002017B9 /* CheddarUITests.xctest */ = {isa = PBXFileReference; explicitFileType = wrapper.cfbundle; includeInIndex = 0; path = CheddarUITests.xctest; sourceTree = BUILT_PRODUCTS_DIR; };
		A38896E81C60664A002017B9 /* CheddarUITests.swift */ = {isa = PBXFileReference; lastKnownFileType = sourcecode.swift; path = CheddarUITests.swift; sourceTree = "<group>"; };
		A38896EA1C60664A002017B9 /* Info.plist */ = {isa = PBXFileReference; lastKnownFileType = text.plist.xml; path = Info.plist; sourceTree = "<group>"; };
		A393D60C1C63BB5400EBB94C /* group.png */ = {isa = PBXFileReference; lastKnownFileType = image.png; path = group.png; sourceTree = "<group>"; };
		A393D60D1C63BB5400EBB94C /* group_selected.png */ = {isa = PBXFileReference; lastKnownFileType = image.png; path = group_selected.png; sourceTree = "<group>"; };
		A393D60E1C63BB5400EBB94C /* single.png */ = {isa = PBXFileReference; lastKnownFileType = image.png; path = single.png; sourceTree = "<group>"; };
		A393D60F1C63BB5400EBB94C /* single_selected.png */ = {isa = PBXFileReference; lastKnownFileType = image.png; path = single_selected.png; sourceTree = "<group>"; };
		A393D6151C63C1C400EBB94C /* cheese.png */ = {isa = PBXFileReference; lastKnownFileType = image.png; path = cheese.png; sourceTree = "<group>"; };
		A393D61A1C63C32700EBB94C /* SelectionView.xib */ = {isa = PBXFileReference; fileEncoding = 4; lastKnownFileType = file.xib; path = SelectionView.xib; sourceTree = "<group>"; };
		A393D61E1C63C58300EBB94C /* SelectionViewController.swift */ = {isa = PBXFileReference; fileEncoding = 4; lastKnownFileType = sourcecode.swift; path = SelectionViewController.swift; sourceTree = "<group>"; };
		A393D6221C63C80D00EBB94C /* FrontPageViewController.swift */ = {isa = PBXFileReference; fileEncoding = 4; lastKnownFileType = sourcecode.swift; path = FrontPageViewController.swift; sourceTree = "<group>"; };
		A393D6241C63C9D200EBB94C /* IntroViewController.swift */ = {isa = PBXFileReference; fileEncoding = 4; lastKnownFileType = sourcecode.swift; path = IntroViewController.swift; sourceTree = "<group>"; };
		A393D6261C63C9DD00EBB94C /* IntroView.xib */ = {isa = PBXFileReference; fileEncoding = 4; lastKnownFileType = file.xib; path = IntroView.xib; sourceTree = "<group>"; };
		A393D6281C63EA7B00EBB94C /* RegisterViewController.swift */ = {isa = PBXFileReference; fileEncoding = 4; lastKnownFileType = sourcecode.swift; path = RegisterViewController.swift; sourceTree = "<group>"; };
		A393D62A1C63EA8700EBB94C /* RegisterView.xib */ = {isa = PBXFileReference; fileEncoding = 4; lastKnownFileType = file.xib; path = RegisterView.xib; sourceTree = "<group>"; };
		A3B12D481C6FC83900B75645 /* User.swift */ = {isa = PBXFileReference; fileEncoding = 4; lastKnownFileType = sourcecode.swift; path = User.swift; sourceTree = "<group>"; };
		A3C59BD01C61BE07009B82EE /* Cheddar-Bridging-Header.h */ = {isa = PBXFileReference; lastKnownFileType = sourcecode.c.h; path = "Cheddar-Bridging-Header.h"; sourceTree = "<group>"; };
		A3C59BD11C61BE07009B82EE /* ALView+PureLayout.h */ = {isa = PBXFileReference; fileEncoding = 4; lastKnownFileType = sourcecode.c.h; path = "ALView+PureLayout.h"; sourceTree = "<group>"; };
		A3C59BD21C61BE07009B82EE /* ALView+PureLayout.m */ = {isa = PBXFileReference; fileEncoding = 4; lastKnownFileType = sourcecode.c.objc; path = "ALView+PureLayout.m"; sourceTree = "<group>"; };
		A3C59BD31C61BE07009B82EE /* NSArray+PureLayout.h */ = {isa = PBXFileReference; fileEncoding = 4; lastKnownFileType = sourcecode.c.h; path = "NSArray+PureLayout.h"; sourceTree = "<group>"; };
		A3C59BD41C61BE07009B82EE /* NSArray+PureLayout.m */ = {isa = PBXFileReference; fileEncoding = 4; lastKnownFileType = sourcecode.c.objc; path = "NSArray+PureLayout.m"; sourceTree = "<group>"; };
		A3C59BD51C61BE07009B82EE /* NSLayoutConstraint+PureLayout.h */ = {isa = PBXFileReference; fileEncoding = 4; lastKnownFileType = sourcecode.c.h; path = "NSLayoutConstraint+PureLayout.h"; sourceTree = "<group>"; };
		A3C59BD61C61BE07009B82EE /* NSLayoutConstraint+PureLayout.m */ = {isa = PBXFileReference; fileEncoding = 4; lastKnownFileType = sourcecode.c.objc; path = "NSLayoutConstraint+PureLayout.m"; sourceTree = "<group>"; };
		A3C59BD71C61BE07009B82EE /* PureLayout.h */ = {isa = PBXFileReference; fileEncoding = 4; lastKnownFileType = sourcecode.c.h; path = PureLayout.h; sourceTree = "<group>"; };
		A3C59BD81C61BE07009B82EE /* PureLayout+Internal.h */ = {isa = PBXFileReference; fileEncoding = 4; lastKnownFileType = sourcecode.c.h; path = "PureLayout+Internal.h"; sourceTree = "<group>"; };
		A3C59BD91C61BE07009B82EE /* PureLayoutDefines.h */ = {isa = PBXFileReference; fileEncoding = 4; lastKnownFileType = sourcecode.c.h; path = PureLayoutDefines.h; sourceTree = "<group>"; };
		A3CB6D4B1C9F8B900073901F /* OptionsMenuController.swift */ = {isa = PBXFileReference; fileEncoding = 4; lastKnownFileType = sourcecode.swift; path = OptionsMenuController.swift; sourceTree = "<group>"; };
		A3ECAE7D1C643063003F981C /* EmailValidateViewController.swift */ = {isa = PBXFileReference; fileEncoding = 4; lastKnownFileType = sourcecode.swift; path = EmailValidateViewController.swift; sourceTree = "<group>"; };
		A3ECAE7F1C643076003F981C /* EmailValidateView.xib */ = {isa = PBXFileReference; fileEncoding = 4; lastKnownFileType = file.xib; path = EmailValidateView.xib; sourceTree = "<group>"; };
		A3ECAE811C66E730003F981C /* ChatViewController.swift */ = {isa = PBXFileReference; fileEncoding = 4; lastKnownFileType = sourcecode.swift; path = ChatViewController.swift; sourceTree = "<group>"; };
		A3ECAE951C67273C003F981C /* ChatCell.swift */ = {isa = PBXFileReference; fileEncoding = 4; lastKnownFileType = sourcecode.swift; path = ChatCell.swift; sourceTree = "<group>"; };
		A3ECAE971C673B8C003F981C /* ChatCell.xib */ = {isa = PBXFileReference; fileEncoding = 4; lastKnownFileType = file.xib; path = ChatCell.xib; sourceTree = "<group>"; };
		A3F920571C77ECBA003E0BC3 /* StringConstants.swift */ = {isa = PBXFileReference; fileEncoding = 4; lastKnownFileType = sourcecode.swift; path = StringConstants.swift; sourceTree = "<group>"; };
		A3F920591C783BE8003E0BC3 /* ColorConstants.swift */ = {isa = PBXFileReference; fileEncoding = 4; lastKnownFileType = sourcecode.swift; path = ColorConstants.swift; sourceTree = "<group>"; };
		A3F9205B1C783E45003E0BC3 /* ArrayConstants.swift */ = {isa = PBXFileReference; fileEncoding = 4; lastKnownFileType = sourcecode.swift; path = ArrayConstants.swift; sourceTree = "<group>"; };
		A3F920621C7AA2E9003E0BC3 /* Alias.swift */ = {isa = PBXFileReference; fileEncoding = 4; lastKnownFileType = sourcecode.swift; path = Alias.swift; sourceTree = "<group>"; };
		A3F920641C7AA3B2003E0BC3 /* ChatRoom.swift */ = {isa = PBXFileReference; fileEncoding = 4; lastKnownFileType = sourcecode.swift; path = ChatRoom.swift; sourceTree = "<group>"; };
		A3F920A61C7BA969003E0BC3 /* Model.xcdatamodel */ = {isa = PBXFileReference; lastKnownFileType = wrapper.xcdatamodel; path = Model.xcdatamodel; sourceTree = "<group>"; };
		A3F920AC1C7BFCF2003E0BC3 /* EnvironmentConstants.swift */ = {isa = PBXFileReference; fileEncoding = 4; lastKnownFileType = sourcecode.swift; path = EnvironmentConstants.swift; sourceTree = "<group>"; };
		A3F920AE1C7F6077003E0BC3 /* Presence.swift */ = {isa = PBXFileReference; fileEncoding = 4; lastKnownFileType = sourcecode.swift; path = Presence.swift; sourceTree = "<group>"; };
		A3F920B01C7F6930003E0BC3 /* PresenceCell.swift */ = {isa = PBXFileReference; fileEncoding = 4; lastKnownFileType = sourcecode.swift; path = PresenceCell.swift; sourceTree = "<group>"; };
		A3F920B21C7F6B1C003E0BC3 /* PresenceCell.xib */ = {isa = PBXFileReference; fileEncoding = 4; lastKnownFileType = file.xib; path = PresenceCell.xib; sourceTree = "<group>"; };
		A3F920B41C8124A1003E0BC3 /* Utilities.swift */ = {isa = PBXFileReference; fileEncoding = 4; lastKnownFileType = sourcecode.swift; path = Utilities.swift; sourceTree = "<group>"; };
		A3F920B61C8249F9003E0BC3 /* Effra-Regular.ttf */ = {isa = PBXFileReference; lastKnownFileType = file; path = "Effra-Regular.ttf"; sourceTree = "<group>"; };
/* End PBXFileReference section */

/* Begin PBXFrameworksBuildPhase section */
		A38896C21C60664A002017B9 /* Frameworks */ = {
			isa = PBXFrameworksBuildPhase;
			buildActionMask = 2147483647;
			files = (
				58589B23A3A5CCFD14A85B8B /* Pods.framework in Frameworks */,
			);
			runOnlyForDeploymentPostprocessing = 0;
		};
		A38896D61C60664A002017B9 /* Frameworks */ = {
			isa = PBXFrameworksBuildPhase;
			buildActionMask = 2147483647;
			files = (
			);
			runOnlyForDeploymentPostprocessing = 0;
		};
		A38896E11C60664A002017B9 /* Frameworks */ = {
			isa = PBXFrameworksBuildPhase;
			buildActionMask = 2147483647;
			files = (
			);
			runOnlyForDeploymentPostprocessing = 0;
		};
/* End PBXFrameworksBuildPhase section */

/* Begin PBXGroup section */
		9FC8C1A67B3168827422F565 /* Frameworks */ = {
			isa = PBXGroup;
			children = (
				8B9BD2BF7F67FC0FA02CDC26 /* Pods.framework */,
			);
			name = Frameworks;
			sourceTree = "<group>";
		};
		A38896BC1C60664A002017B9 = {
			isa = PBXGroup;
			children = (
				A393D6141C63BB5B00EBB94C /* Assets */,
				A3C59BDD1C61BE12009B82EE /* Pure Layout */,
				A38896C71C60664A002017B9 /* Cheddar */,
				A38896DC1C60664A002017B9 /* CheddarTests */,
				A38896E71C60664A002017B9 /* CheddarUITests */,
				A38896C61C60664A002017B9 /* Products */,
				A3C59BD01C61BE07009B82EE /* Cheddar-Bridging-Header.h */,
				FD5D000EB21F8744CEE9A8F4 /* Pods */,
				9FC8C1A67B3168827422F565 /* Frameworks */,
			);
			sourceTree = "<group>";
		};
		A38896C61C60664A002017B9 /* Products */ = {
			isa = PBXGroup;
			children = (
				A38896C51C60664A002017B9 /* Cheddar.app */,
				A38896D91C60664A002017B9 /* CheddarTests.xctest */,
				A38896E41C60664A002017B9 /* CheddarUITests.xctest */,
			);
			name = Products;
			sourceTree = "<group>";
		};
		A38896C71C60664A002017B9 /* Cheddar */ = {
			isa = PBXGroup;
			children = (
				A3F9205D1C783E77003E0BC3 /* Constants */,
				A393D6171C63C2BF00EBB94C /* Front Pages */,
				A3F9205E1C783EA0003E0BC3 /* Chat */,
				A3F920611C7AA2D2003E0BC3 /* Objects */,
				A38896C81C60664A002017B9 /* AppDelegate.swift */,
				A3CB6D4B1C9F8B900073901F /* OptionsMenuController.swift */,
				A354E1A21CA06DC400E956AB /* FeedbackViewController.swift */,
				A38896CA1C60664A002017B9 /* ViewController.swift */,
				A3F920A51C7BA969003E0BC3 /* Model.xcdatamodeld */,
				A38896CC1C60664A002017B9 /* Main.storyboard */,
				A38896D11C60664A002017B9 /* LaunchScreen.storyboard */,
				A38896D41C60664A002017B9 /* Info.plist */,
				A38896CF1C60664A002017B9 /* Assets.xcassets */,
			);
			path = Cheddar;
			sourceTree = "<group>";
		};
		A38896DC1C60664A002017B9 /* CheddarTests */ = {
			isa = PBXGroup;
			children = (
				A38896DD1C60664A002017B9 /* CheddarTests.swift */,
				A38896DF1C60664A002017B9 /* Info.plist */,
			);
			path = CheddarTests;
			sourceTree = "<group>";
		};
		A38896E71C60664A002017B9 /* CheddarUITests */ = {
			isa = PBXGroup;
			children = (
				A38896E81C60664A002017B9 /* CheddarUITests.swift */,
				A38896EA1C60664A002017B9 /* Info.plist */,
			);
			path = CheddarUITests;
			sourceTree = "<group>";
		};
		A393D6141C63BB5B00EBB94C /* Assets */ = {
			isa = PBXGroup;
			children = (
				A3F920B61C8249F9003E0BC3 /* Effra-Regular.ttf */,
				A393D6151C63C1C400EBB94C /* cheese.png */,
				A393D60C1C63BB5400EBB94C /* group.png */,
				A393D60D1C63BB5400EBB94C /* group_selected.png */,
				A393D60E1C63BB5400EBB94C /* single.png */,
				A393D60F1C63BB5400EBB94C /* single_selected.png */,
			);
			name = Assets;
			sourceTree = "<group>";
		};
		A393D6171C63C2BF00EBB94C /* Front Pages */ = {
			isa = PBXGroup;
			children = (
				A393D6221C63C80D00EBB94C /* FrontPageViewController.swift */,
				A393D6241C63C9D200EBB94C /* IntroViewController.swift */,
				A393D6261C63C9DD00EBB94C /* IntroView.xib */,
				A393D6281C63EA7B00EBB94C /* RegisterViewController.swift */,
				A393D62A1C63EA8700EBB94C /* RegisterView.xib */,
				A3ECAE7D1C643063003F981C /* EmailValidateViewController.swift */,
				A3ECAE7F1C643076003F981C /* EmailValidateView.xib */,
				A393D61E1C63C58300EBB94C /* SelectionViewController.swift */,
				A393D61A1C63C32700EBB94C /* SelectionView.xib */,
			);
			name = "Front Pages";
			sourceTree = "<group>";
		};
		A3C59BDD1C61BE12009B82EE /* Pure Layout */ = {
			isa = PBXGroup;
			children = (
				A3C59BD11C61BE07009B82EE /* ALView+PureLayout.h */,
				A3C59BD21C61BE07009B82EE /* ALView+PureLayout.m */,
				A3C59BD31C61BE07009B82EE /* NSArray+PureLayout.h */,
				A3C59BD41C61BE07009B82EE /* NSArray+PureLayout.m */,
				A3C59BD51C61BE07009B82EE /* NSLayoutConstraint+PureLayout.h */,
				A3C59BD61C61BE07009B82EE /* NSLayoutConstraint+PureLayout.m */,
				A3C59BD71C61BE07009B82EE /* PureLayout.h */,
				A3C59BD81C61BE07009B82EE /* PureLayout+Internal.h */,
				A3C59BD91C61BE07009B82EE /* PureLayoutDefines.h */,
			);
			name = "Pure Layout";
			sourceTree = "<group>";
		};
		A3F9205D1C783E77003E0BC3 /* Constants */ = {
			isa = PBXGroup;
			children = (
				A3F9205B1C783E45003E0BC3 /* ArrayConstants.swift */,
				A3F920571C77ECBA003E0BC3 /* StringConstants.swift */,
				A3F920591C783BE8003E0BC3 /* ColorConstants.swift */,
				A3F920AC1C7BFCF2003E0BC3 /* EnvironmentConstants.swift */,
				A3F920B41C8124A1003E0BC3 /* Utilities.swift */,
			);
			name = Constants;
			sourceTree = "<group>";
		};
		A3F9205E1C783EA0003E0BC3 /* Chat */ = {
			isa = PBXGroup;
			children = (
				A3ECAE811C66E730003F981C /* ChatViewController.swift */,
				A3ECAE951C67273C003F981C /* ChatCell.swift */,
				A3ECAE971C673B8C003F981C /* ChatCell.xib */,
				A3F920B01C7F6930003E0BC3 /* PresenceCell.swift */,
				A3F920B21C7F6B1C003E0BC3 /* PresenceCell.xib */,
			);
			name = Chat;
			sourceTree = "<group>";
		};
		A3F920611C7AA2D2003E0BC3 /* Objects */ = {
			isa = PBXGroup;
			children = (
				A37297D61C6BF5AF00625C7F /* Message.swift */,
				A3F920AE1C7F6077003E0BC3 /* Presence.swift */,
				A3F920621C7AA2E9003E0BC3 /* Alias.swift */,
				A3F920641C7AA3B2003E0BC3 /* ChatRoom.swift */,
				A3B12D481C6FC83900B75645 /* User.swift */,
			);
			name = Objects;
			sourceTree = "<group>";
		};
		FD5D000EB21F8744CEE9A8F4 /* Pods */ = {
			isa = PBXGroup;
			children = (
				30639877EA11B07B2D842129 /* Pods.debug.xcconfig */,
				74FC71AECB4A88748DC6847B /* Pods.release.xcconfig */,
			);
			name = Pods;
			sourceTree = "<group>";
		};
/* End PBXGroup section */

/* Begin PBXNativeTarget section */
		A38896C41C60664A002017B9 /* Cheddar */ = {
			isa = PBXNativeTarget;
			buildConfigurationList = A38896ED1C60664A002017B9 /* Build configuration list for PBXNativeTarget "Cheddar" */;
			buildPhases = (
				E904871603C4D01660EF8BBF /* Check Pods Manifest.lock */,
				A38896C11C60664A002017B9 /* Sources */,
				A38896C21C60664A002017B9 /* Frameworks */,
				A38896C31C60664A002017B9 /* Resources */,
				9ADFBD2BF4848F72FD7786A8 /* Embed Pods Frameworks */,
				03C11E74F26A16170CA46B07 /* Copy Pods Resources */,
				A379EFB21C84A3F200F5153A /* ShellScript */,
			);
			buildRules = (
			);
			dependencies = (
			);
			name = Cheddar;
			productName = Cheddar;
			productReference = A38896C51C60664A002017B9 /* Cheddar.app */;
			productType = "com.apple.product-type.application";
		};
		A38896D81C60664A002017B9 /* CheddarTests */ = {
			isa = PBXNativeTarget;
			buildConfigurationList = A38896F01C60664A002017B9 /* Build configuration list for PBXNativeTarget "CheddarTests" */;
			buildPhases = (
				A38896D51C60664A002017B9 /* Sources */,
				A38896D61C60664A002017B9 /* Frameworks */,
				A38896D71C60664A002017B9 /* Resources */,
			);
			buildRules = (
			);
			dependencies = (
				A38896DB1C60664A002017B9 /* PBXTargetDependency */,
			);
			name = CheddarTests;
			productName = CheddarTests;
			productReference = A38896D91C60664A002017B9 /* CheddarTests.xctest */;
			productType = "com.apple.product-type.bundle.unit-test";
		};
		A38896E31C60664A002017B9 /* CheddarUITests */ = {
			isa = PBXNativeTarget;
			buildConfigurationList = A38896F31C60664A002017B9 /* Build configuration list for PBXNativeTarget "CheddarUITests" */;
			buildPhases = (
				A38896E01C60664A002017B9 /* Sources */,
				A38896E11C60664A002017B9 /* Frameworks */,
				A38896E21C60664A002017B9 /* Resources */,
			);
			buildRules = (
			);
			dependencies = (
				A38896E61C60664A002017B9 /* PBXTargetDependency */,
			);
			name = CheddarUITests;
			productName = CheddarUITests;
			productReference = A38896E41C60664A002017B9 /* CheddarUITests.xctest */;
			productType = "com.apple.product-type.bundle.ui-testing";
		};
/* End PBXNativeTarget section */

/* Begin PBXProject section */
		A38896BD1C60664A002017B9 /* Project object */ = {
			isa = PBXProject;
			attributes = {
				KnownAssetTags = (
					ChatViewController,
				);
				LastSwiftUpdateCheck = 0720;
				LastUpgradeCheck = 0720;
				ORGANIZATIONNAME = "Lucas Haber";
				TargetAttributes = {
					A38896C41C60664A002017B9 = {
						CreatedOnToolsVersion = 7.2;
						DevelopmentTeam = 7DAS5PPLAD;
						SystemCapabilities = {
							com.apple.Push = {
								enabled = 1;
							};
						};
					};
					A38896D81C60664A002017B9 = {
						CreatedOnToolsVersion = 7.2;
						TestTargetID = A38896C41C60664A002017B9;
					};
					A38896E31C60664A002017B9 = {
						CreatedOnToolsVersion = 7.2;
						TestTargetID = A38896C41C60664A002017B9;
					};
				};
			};
			buildConfigurationList = A38896C01C60664A002017B9 /* Build configuration list for PBXProject "Cheddar" */;
			compatibilityVersion = "Xcode 3.2";
			developmentRegion = English;
			hasScannedForEncodings = 0;
			knownRegions = (
				en,
				Base,
			);
			mainGroup = A38896BC1C60664A002017B9;
			productRefGroup = A38896C61C60664A002017B9 /* Products */;
			projectDirPath = "";
			projectRoot = "";
			targets = (
				A38896C41C60664A002017B9 /* Cheddar */,
				A38896D81C60664A002017B9 /* CheddarTests */,
				A38896E31C60664A002017B9 /* CheddarUITests */,
			);
		};
/* End PBXProject section */

/* Begin PBXResourcesBuildPhase section */
		A38896C31C60664A002017B9 /* Resources */ = {
			isa = PBXResourcesBuildPhase;
			buildActionMask = 2147483647;
			files = (
				A3ECAE981C673B8C003F981C /* ChatCell.xib in Resources */,
				A393D62B1C63EA8700EBB94C /* RegisterView.xib in Resources */,
				A38896D31C60664A002017B9 /* LaunchScreen.storyboard in Resources */,
				A393D6101C63BB5400EBB94C /* group.png in Resources */,
				A393D61B1C63C32700EBB94C /* SelectionView.xib in Resources */,
				A393D6161C63C1C400EBB94C /* cheese.png in Resources */,
				A38896D01C60664A002017B9 /* Assets.xcassets in Resources */,
				A393D6121C63BB5400EBB94C /* single.png in Resources */,
				A3F920B31C7F6B1C003E0BC3 /* PresenceCell.xib in Resources */,
				A3ECAE801C643076003F981C /* EmailValidateView.xib in Resources */,
				A393D6111C63BB5400EBB94C /* group_selected.png in Resources */,
				A393D6131C63BB5400EBB94C /* single_selected.png in Resources */,
				A3F920B71C825261003E0BC3 /* Effra-Regular.ttf in Resources */,
				A38896CE1C60664A002017B9 /* Main.storyboard in Resources */,
				A393D6271C63C9DD00EBB94C /* IntroView.xib in Resources */,
			);
			runOnlyForDeploymentPostprocessing = 0;
		};
		A38896D71C60664A002017B9 /* Resources */ = {
			isa = PBXResourcesBuildPhase;
			buildActionMask = 2147483647;
			files = (
			);
			runOnlyForDeploymentPostprocessing = 0;
		};
		A38896E21C60664A002017B9 /* Resources */ = {
			isa = PBXResourcesBuildPhase;
			buildActionMask = 2147483647;
			files = (
			);
			runOnlyForDeploymentPostprocessing = 0;
		};
/* End PBXResourcesBuildPhase section */

/* Begin PBXShellScriptBuildPhase section */
		03C11E74F26A16170CA46B07 /* Copy Pods Resources */ = {
			isa = PBXShellScriptBuildPhase;
			buildActionMask = 2147483647;
			files = (
			);
			inputPaths = (
			);
			name = "Copy Pods Resources";
			outputPaths = (
			);
			runOnlyForDeploymentPostprocessing = 0;
			shellPath = /bin/sh;
			shellScript = "\"${SRCROOT}/Pods/Target Support Files/Pods/Pods-resources.sh\"\n";
			showEnvVarsInLog = 0;
		};
		9ADFBD2BF4848F72FD7786A8 /* Embed Pods Frameworks */ = {
			isa = PBXShellScriptBuildPhase;
			buildActionMask = 2147483647;
			files = (
			);
			inputPaths = (
			);
			name = "Embed Pods Frameworks";
			outputPaths = (
			);
			runOnlyForDeploymentPostprocessing = 0;
			shellPath = /bin/sh;
			shellScript = "\"${SRCROOT}/Pods/Target Support Files/Pods/Pods-frameworks.sh\"\n";
			showEnvVarsInLog = 0;
		};
		A379EFB21C84A3F200F5153A /* ShellScript */ = {
			isa = PBXShellScriptBuildPhase;
			buildActionMask = 2147483647;
			files = (
			);
			inputPaths = (
			);
			outputPaths = (
			);
			runOnlyForDeploymentPostprocessing = 0;
			shellPath = /bin/sh;
			shellScript = "\"${PODS_ROOT}/Fabric/run\" 47a9ef735d967a68bda8754853d46ad093106fb2 c4e48227a0a6b7f67c95e9a15befd096100dd090e286893841a49e6d3a83ca26";
		};
		E904871603C4D01660EF8BBF /* Check Pods Manifest.lock */ = {
			isa = PBXShellScriptBuildPhase;
			buildActionMask = 2147483647;
			files = (
			);
			inputPaths = (
			);
			name = "Check Pods Manifest.lock";
			outputPaths = (
			);
			runOnlyForDeploymentPostprocessing = 0;
			shellPath = /bin/sh;
			shellScript = "diff \"${PODS_ROOT}/../Podfile.lock\" \"${PODS_ROOT}/Manifest.lock\" > /dev/null\nif [[ $? != 0 ]] ; then\n    cat << EOM\nerror: The sandbox is not in sync with the Podfile.lock. Run 'pod install' or update your CocoaPods installation.\nEOM\n    exit 1\nfi\n";
			showEnvVarsInLog = 0;
		};
/* End PBXShellScriptBuildPhase section */

/* Begin PBXSourcesBuildPhase section */
		A38896C11C60664A002017B9 /* Sources */ = {
			isa = PBXSourcesBuildPhase;
			buildActionMask = 2147483647;
			files = (
				A393D6291C63EA7B00EBB94C /* RegisterViewController.swift in Sources */,
				A3C59BDB1C61BE07009B82EE /* NSArray+PureLayout.m in Sources */,
				A3F920AF1C7F6077003E0BC3 /* Presence.swift in Sources */,
				A3ECAE821C66E730003F981C /* ChatViewController.swift in Sources */,
				A393D61F1C63C58300EBB94C /* SelectionViewController.swift in Sources */,
				A393D6231C63C80D00EBB94C /* FrontPageViewController.swift in Sources */,
				A3F920B51C8124A1003E0BC3 /* Utilities.swift in Sources */,
				A3ECAE961C67273C003F981C /* ChatCell.swift in Sources */,
				A3B12D491C6FC83900B75645 /* User.swift in Sources */,
				A3C59BDC1C61BE07009B82EE /* NSLayoutConstraint+PureLayout.m in Sources */,
				A3F920AD1C7BFCF2003E0BC3 /* EnvironmentConstants.swift in Sources */,
				A3F920581C77ECBA003E0BC3 /* StringConstants.swift in Sources */,
				A3CB6D4C1C9F8B900073901F /* OptionsMenuController.swift in Sources */,
				A3F920631C7AA2E9003E0BC3 /* Alias.swift in Sources */,
				A3F9205A1C783BE8003E0BC3 /* ColorConstants.swift in Sources */,
				A3ECAE7E1C643063003F981C /* EmailValidateViewController.swift in Sources */,
				A38896CB1C60664A002017B9 /* ViewController.swift in Sources */,
				A37297D71C6BF5AF00625C7F /* Message.swift in Sources */,
				A3F9205C1C783E45003E0BC3 /* ArrayConstants.swift in Sources */,
				A3C59BDA1C61BE07009B82EE /* ALView+PureLayout.m in Sources */,
				A3F920B11C7F6930003E0BC3 /* PresenceCell.swift in Sources */,
				A3F920A71C7BA969003E0BC3 /* Model.xcdatamodeld in Sources */,
				A38896C91C60664A002017B9 /* AppDelegate.swift in Sources */,
				A354E1A31CA06DC400E956AB /* FeedbackViewController.swift in Sources */,
				A3F920651C7AA3B2003E0BC3 /* ChatRoom.swift in Sources */,
				A393D6251C63C9D200EBB94C /* IntroViewController.swift in Sources */,
			);
			runOnlyForDeploymentPostprocessing = 0;
		};
		A38896D51C60664A002017B9 /* Sources */ = {
			isa = PBXSourcesBuildPhase;
			buildActionMask = 2147483647;
			files = (
				A38896DE1C60664A002017B9 /* CheddarTests.swift in Sources */,
			);
			runOnlyForDeploymentPostprocessing = 0;
		};
		A38896E01C60664A002017B9 /* Sources */ = {
			isa = PBXSourcesBuildPhase;
			buildActionMask = 2147483647;
			files = (
				A38896E91C60664A002017B9 /* CheddarUITests.swift in Sources */,
			);
			runOnlyForDeploymentPostprocessing = 0;
		};
/* End PBXSourcesBuildPhase section */

/* Begin PBXTargetDependency section */
		A38896DB1C60664A002017B9 /* PBXTargetDependency */ = {
			isa = PBXTargetDependency;
			target = A38896C41C60664A002017B9 /* Cheddar */;
			targetProxy = A38896DA1C60664A002017B9 /* PBXContainerItemProxy */;
		};
		A38896E61C60664A002017B9 /* PBXTargetDependency */ = {
			isa = PBXTargetDependency;
			target = A38896C41C60664A002017B9 /* Cheddar */;
			targetProxy = A38896E51C60664A002017B9 /* PBXContainerItemProxy */;
		};
/* End PBXTargetDependency section */

/* Begin PBXVariantGroup section */
		A38896CC1C60664A002017B9 /* Main.storyboard */ = {
			isa = PBXVariantGroup;
			children = (
				A38896CD1C60664A002017B9 /* Base */,
			);
			name = Main.storyboard;
			sourceTree = "<group>";
		};
		A38896D11C60664A002017B9 /* LaunchScreen.storyboard */ = {
			isa = PBXVariantGroup;
			children = (
				A38896D21C60664A002017B9 /* Base */,
			);
			name = LaunchScreen.storyboard;
			sourceTree = "<group>";
		};
/* End PBXVariantGroup section */

/* Begin XCBuildConfiguration section */
		A38896EB1C60664A002017B9 /* Debug */ = {
			isa = XCBuildConfiguration;
			buildSettings = {
				ALWAYS_SEARCH_USER_PATHS = NO;
				CLANG_CXX_LANGUAGE_STANDARD = "gnu++0x";
				CLANG_CXX_LIBRARY = "libc++";
				CLANG_ENABLE_MODULES = YES;
				CLANG_ENABLE_OBJC_ARC = YES;
				CLANG_WARN_BOOL_CONVERSION = YES;
				CLANG_WARN_CONSTANT_CONVERSION = YES;
				CLANG_WARN_DIRECT_OBJC_ISA_USAGE = YES_ERROR;
				CLANG_WARN_EMPTY_BODY = YES;
				CLANG_WARN_ENUM_CONVERSION = YES;
				CLANG_WARN_INT_CONVERSION = YES;
				CLANG_WARN_OBJC_ROOT_CLASS = YES_ERROR;
				CLANG_WARN_UNREACHABLE_CODE = YES;
				CLANG_WARN__DUPLICATE_METHOD_MATCH = YES;
				"CODE_SIGN_IDENTITY[sdk=iphoneos*]" = "iPhone Developer";
				COPY_PHASE_STRIP = NO;
				DEBUG_INFORMATION_FORMAT = dwarf;
				ENABLE_STRICT_OBJC_MSGSEND = YES;
				ENABLE_TESTABILITY = YES;
				GCC_C_LANGUAGE_STANDARD = gnu99;
				GCC_DYNAMIC_NO_PIC = NO;
				GCC_NO_COMMON_BLOCKS = YES;
				GCC_OPTIMIZATION_LEVEL = 0;
				GCC_PREPROCESSOR_DEFINITIONS = (
					"DEBUG=1",
					"$(inherited)",
				);
				GCC_WARN_64_TO_32_BIT_CONVERSION = YES;
				GCC_WARN_ABOUT_RETURN_TYPE = YES_ERROR;
				GCC_WARN_UNDECLARED_SELECTOR = YES;
				GCC_WARN_UNINITIALIZED_AUTOS = YES_AGGRESSIVE;
				GCC_WARN_UNUSED_FUNCTION = YES;
				GCC_WARN_UNUSED_VARIABLE = YES;
				IPHONEOS_DEPLOYMENT_TARGET = 8.0;
				MTL_ENABLE_DEBUG_INFO = YES;
				ONLY_ACTIVE_ARCH = YES;
				SDKROOT = iphoneos;
				SWIFT_OPTIMIZATION_LEVEL = "-Onone";
				TARGETED_DEVICE_FAMILY = "1,2";
			};
			name = Debug;
		};
		A38896EC1C60664A002017B9 /* Release */ = {
			isa = XCBuildConfiguration;
			buildSettings = {
				ALWAYS_SEARCH_USER_PATHS = NO;
				CLANG_CXX_LANGUAGE_STANDARD = "gnu++0x";
				CLANG_CXX_LIBRARY = "libc++";
				CLANG_ENABLE_MODULES = YES;
				CLANG_ENABLE_OBJC_ARC = YES;
				CLANG_WARN_BOOL_CONVERSION = YES;
				CLANG_WARN_CONSTANT_CONVERSION = YES;
				CLANG_WARN_DIRECT_OBJC_ISA_USAGE = YES_ERROR;
				CLANG_WARN_EMPTY_BODY = YES;
				CLANG_WARN_ENUM_CONVERSION = YES;
				CLANG_WARN_INT_CONVERSION = YES;
				CLANG_WARN_OBJC_ROOT_CLASS = YES_ERROR;
				CLANG_WARN_UNREACHABLE_CODE = YES;
				CLANG_WARN__DUPLICATE_METHOD_MATCH = YES;
				"CODE_SIGN_IDENTITY[sdk=iphoneos*]" = "iPhone Developer";
				COPY_PHASE_STRIP = NO;
				DEBUG_INFORMATION_FORMAT = "dwarf-with-dsym";
				ENABLE_NS_ASSERTIONS = NO;
				ENABLE_STRICT_OBJC_MSGSEND = YES;
				GCC_C_LANGUAGE_STANDARD = gnu99;
				GCC_NO_COMMON_BLOCKS = YES;
				GCC_WARN_64_TO_32_BIT_CONVERSION = YES;
				GCC_WARN_ABOUT_RETURN_TYPE = YES_ERROR;
				GCC_WARN_UNDECLARED_SELECTOR = YES;
				GCC_WARN_UNINITIALIZED_AUTOS = YES_AGGRESSIVE;
				GCC_WARN_UNUSED_FUNCTION = YES;
				GCC_WARN_UNUSED_VARIABLE = YES;
				IPHONEOS_DEPLOYMENT_TARGET = 8.0;
				MTL_ENABLE_DEBUG_INFO = NO;
				SDKROOT = iphoneos;
				TARGETED_DEVICE_FAMILY = "1,2";
				VALIDATE_PRODUCT = YES;
			};
			name = Release;
		};
		A38896EE1C60664A002017B9 /* Debug */ = {
			isa = XCBuildConfiguration;
			baseConfigurationReference = 30639877EA11B07B2D842129 /* Pods.debug.xcconfig */;
			buildSettings = {
				ASSETCATALOG_COMPILER_APPICON_NAME = AppIcon;
				CLANG_ENABLE_MODULES = YES;
				CODE_SIGN_IDENTITY = "iPhone Developer";
				"CODE_SIGN_IDENTITY[sdk=iphoneos*]" = "iPhone Developer";
				DEBUG_INFORMATION_FORMAT = "dwarf-with-dsym";
				INFOPLIST_FILE = Cheddar/Info.plist;
				LD_RUNPATH_SEARCH_PATHS = "$(inherited) @executable_path/Frameworks";
				PRODUCT_BUNDLE_IDENTIFIER = Cheddar.Cheddar;
				PRODUCT_NAME = "$(TARGET_NAME)";
				PROVISIONING_PROFILE = "";
				SWIFT_OBJC_BRIDGING_HEADER = "Cheddar-Bridging-Header.h";
				SWIFT_OPTIMIZATION_LEVEL = "-Onone";
			};
			name = Debug;
		};
		A38896EF1C60664A002017B9 /* Release */ = {
			isa = XCBuildConfiguration;
			baseConfigurationReference = 74FC71AECB4A88748DC6847B /* Pods.release.xcconfig */;
			buildSettings = {
				ASSETCATALOG_COMPILER_APPICON_NAME = AppIcon;
				CLANG_ENABLE_MODULES = YES;
				CODE_SIGN_IDENTITY = "iPhone Developer";
				"CODE_SIGN_IDENTITY[sdk=iphoneos*]" = "iPhone Developer";
				INFOPLIST_FILE = Cheddar/Info.plist;
				LD_RUNPATH_SEARCH_PATHS = "$(inherited) @executable_path/Frameworks";
				PRODUCT_BUNDLE_IDENTIFIER = Cheddar.Cheddar;
				PRODUCT_NAME = "$(TARGET_NAME)";
				PROVISIONING_PROFILE = "";
				SWIFT_OBJC_BRIDGING_HEADER = "Cheddar-Bridging-Header.h";
			};
			name = Release;
		};
		A38896F11C60664A002017B9 /* Debug */ = {
			isa = XCBuildConfiguration;
			buildSettings = {
				BUNDLE_LOADER = "$(TEST_HOST)";
				INFOPLIST_FILE = CheddarTests/Info.plist;
				LD_RUNPATH_SEARCH_PATHS = "$(inherited) @executable_path/Frameworks @loader_path/Frameworks";
				PRODUCT_BUNDLE_IDENTIFIER = Cheddar.CheddarTests;
				PRODUCT_NAME = "$(TARGET_NAME)";
				TEST_HOST = "$(BUILT_PRODUCTS_DIR)/Cheddar.app/Cheddar";
			};
			name = Debug;
		};
		A38896F21C60664A002017B9 /* Release */ = {
			isa = XCBuildConfiguration;
			buildSettings = {
				BUNDLE_LOADER = "$(TEST_HOST)";
				INFOPLIST_FILE = CheddarTests/Info.plist;
				LD_RUNPATH_SEARCH_PATHS = "$(inherited) @executable_path/Frameworks @loader_path/Frameworks";
				PRODUCT_BUNDLE_IDENTIFIER = Cheddar.CheddarTests;
				PRODUCT_NAME = "$(TARGET_NAME)";
				TEST_HOST = "$(BUILT_PRODUCTS_DIR)/Cheddar.app/Cheddar";
			};
			name = Release;
		};
		A38896F41C60664A002017B9 /* Debug */ = {
			isa = XCBuildConfiguration;
			buildSettings = {
				INFOPLIST_FILE = CheddarUITests/Info.plist;
				LD_RUNPATH_SEARCH_PATHS = "$(inherited) @executable_path/Frameworks @loader_path/Frameworks";
				PRODUCT_BUNDLE_IDENTIFIER = Cheddar.CheddarUITests;
				PRODUCT_NAME = "$(TARGET_NAME)";
				TEST_TARGET_NAME = Cheddar;
				USES_XCTRUNNER = YES;
			};
			name = Debug;
		};
		A38896F51C60664A002017B9 /* Release */ = {
			isa = XCBuildConfiguration;
			buildSettings = {
				INFOPLIST_FILE = CheddarUITests/Info.plist;
				LD_RUNPATH_SEARCH_PATHS = "$(inherited) @executable_path/Frameworks @loader_path/Frameworks";
				PRODUCT_BUNDLE_IDENTIFIER = Cheddar.CheddarUITests;
				PRODUCT_NAME = "$(TARGET_NAME)";
				TEST_TARGET_NAME = Cheddar;
				USES_XCTRUNNER = YES;
			};
			name = Release;
		};
/* End XCBuildConfiguration section */

/* Begin XCConfigurationList section */
		A38896C01C60664A002017B9 /* Build configuration list for PBXProject "Cheddar" */ = {
			isa = XCConfigurationList;
			buildConfigurations = (
				A38896EB1C60664A002017B9 /* Debug */,
				A38896EC1C60664A002017B9 /* Release */,
			);
			defaultConfigurationIsVisible = 0;
			defaultConfigurationName = Release;
		};
		A38896ED1C60664A002017B9 /* Build configuration list for PBXNativeTarget "Cheddar" */ = {
			isa = XCConfigurationList;
			buildConfigurations = (
				A38896EE1C60664A002017B9 /* Debug */,
				A38896EF1C60664A002017B9 /* Release */,
			);
			defaultConfigurationIsVisible = 0;
			defaultConfigurationName = Release;
		};
		A38896F01C60664A002017B9 /* Build configuration list for PBXNativeTarget "CheddarTests" */ = {
			isa = XCConfigurationList;
			buildConfigurations = (
				A38896F11C60664A002017B9 /* Debug */,
				A38896F21C60664A002017B9 /* Release */,
			);
			defaultConfigurationIsVisible = 0;
			defaultConfigurationName = Release;
		};
		A38896F31C60664A002017B9 /* Build configuration list for PBXNativeTarget "CheddarUITests" */ = {
			isa = XCConfigurationList;
			buildConfigurations = (
				A38896F41C60664A002017B9 /* Debug */,
				A38896F51C60664A002017B9 /* Release */,
			);
			defaultConfigurationIsVisible = 0;
			defaultConfigurationName = Release;
		};
/* End XCConfigurationList section */

/* Begin XCVersionGroup section */
		A3F920A51C7BA969003E0BC3 /* Model.xcdatamodeld */ = {
			isa = XCVersionGroup;
			children = (
				A3F920A61C7BA969003E0BC3 /* Model.xcdatamodel */,
			);
			currentVersion = A3F920A61C7BA969003E0BC3 /* Model.xcdatamodel */;
			path = Model.xcdatamodeld;
			sourceTree = "<group>";
			versionGroupType = wrapper.xcdatamodel;
		};
/* End XCVersionGroup section */
	};
	rootObject = A38896BD1C60664A002017B9 /* Project object */;
}
